
Microsoft Visual Studio Solution File, Format Version 12.00
# Visual Studio 15
VisualStudioVersion = 15.0.27130.2010
MinimumVisualStudioVersion = 10.0.40219.1
Project("{2150E333-8FDC-42A3-9474-1A3956D46DE8}") = "External", "External", "{1D2D0922-2D3C-4FE9-993B-A67360335608}"
EndProject
Project("{2150E333-8FDC-42A3-9474-1A3956D46DE8}") = "Engine", "Engine", "{5A8E5466-95A4-4ABE-A607-1ABEE4FFF851}"
EndProject
Project("{2150E333-8FDC-42A3-9474-1A3956D46DE8}") = "EntryProject", "EntryProject", "{3F852280-FB98-4866-AD0D-20A0CA4D2810}"
EndProject
Project("{2150E333-8FDC-42A3-9474-1A3956D46DE8}") = "Tools", "Tools", "{290CEBFF-BF49-4181-B962-21B30476A3C1}"
EndProject
Project("{8BC9CEB8-8B4A-11D0-8D11-00A0C91BC942}") = "ExampleGame", "ExampleGame_\ExampleGame\ExampleGame.vcxproj", "{D853EAAD-4BD8-4DAB-AF28-A67902A13349}"
EndProject
Project("{8BC9CEB8-8B4A-11D0-8D11-00A0C91BC942}") = "LuaCompiler", "External\Lua\LuaCompiler.vcxproj", "{0B19945A-9CA2-4ED3-84D8-0924B5428925}"
EndProject
Project("{8BC9CEB8-8B4A-11D0-8D11-00A0C91BC942}") = "LuaExe", "External\Lua\LuaExe.vcxproj", "{B38967B9-886D-4E1F-B733-828D1783E2DC}"
EndProject
Project("{8BC9CEB8-8B4A-11D0-8D11-00A0C91BC942}") = "LuaLib", "External\Lua\LuaLib.vcxproj", "{A506E35D-BB34-468D-82CD-112386BE29D1}"
EndProject
Project("{8BC9CEB8-8B4A-11D0-8D11-00A0C91BC942}") = "AssetBuilder", "Tools\AssetBuilder\AssetBuilder.vcxproj", "{5D44A4F2-0F6B-4AF3-BF9B-496436C97773}"
	ProjectSection(ProjectDependencies) = postProject
		{0B19945A-9CA2-4ED3-84D8-0924B5428925} = {0B19945A-9CA2-4ED3-84D8-0924B5428925}
		{A506E35D-BB34-468D-82CD-112386BE29D1} = {A506E35D-BB34-468D-82CD-112386BE29D1}
		{B38967B9-886D-4E1F-B733-828D1783E2DC} = {B38967B9-886D-4E1F-B733-828D1783E2DC}
	EndProjectSection
EndProject
Project("{8BC9CEB8-8B4A-11D0-8D11-00A0C91BC942}") = "BuildExampleGameAssets", "ExampleGame_\BuildExampleGameAssets\BuildExampleGameAssets.vcxproj", "{324D6383-463F-4176-97A1-4ACA3FB6DC61}"
	ProjectSection(ProjectDependencies) = postProject
		{5D44A4F2-0F6B-4AF3-BF9B-496436C97773} = {5D44A4F2-0F6B-4AF3-BF9B-496436C97773}
	EndProjectSection
EndProject
Project("{8BC9CEB8-8B4A-11D0-8D11-00A0C91BC942}") = "GameEngine", "Engine\GameEngine\GameEngine.vcxproj", "{CE8F622B-6981-448C-841D-BAF410475F4D}"
EndProject
Project("{2150E333-8FDC-42A3-9474-1A3956D46DE8}") = "GraphicsProjects", "GraphicsProjects", "{DC3686B0-0E79-45A8-98CF-E228D44A7EE7}"
EndProject
Project("{8BC9CEB8-8B4A-11D0-8D11-00A0C91BC942}") = "SimpleTriangle", "ExampleGame_\GraphicsProjects\SimpleTriangle\SimpleTriangle.vcxproj", "{A1936161-9F8D-44C9-B6C3-E7BB0F8B1F6D}"
EndProject
Project("{8BC9CEB8-8B4A-11D0-8D11-00A0C91BC942}") = "Graphics", "Engine\Graphics\Graphics.vcxproj", "{0C74019F-74E9-401D-B777-A081E5218D42}"
EndProject
Project("{8BC9CEB8-8B4A-11D0-8D11-00A0C91BC942}") = "GameObject", "Engine\GameObject\GameObject.vcxproj", "{BFF40A4A-1214-43D6-AEF4-166533ECB414}"
EndProject
Global
	GlobalSection(SolutionConfigurationPlatforms) = preSolution
		Debug|x64 = Debug|x64
		Debug|x86 = Debug|x86
		Release|x64 = Release|x64
		Release|x86 = Release|x86
	EndGlobalSection
	GlobalSection(ProjectConfigurationPlatforms) = postSolution
		{D853EAAD-4BD8-4DAB-AF28-A67902A13349}.Debug|x64.ActiveCfg = Debug|x64
		{D853EAAD-4BD8-4DAB-AF28-A67902A13349}.Debug|x64.Build.0 = Debug|x64
		{D853EAAD-4BD8-4DAB-AF28-A67902A13349}.Debug|x86.ActiveCfg = Debug|Win32
		{D853EAAD-4BD8-4DAB-AF28-A67902A13349}.Debug|x86.Build.0 = Debug|Win32
		{D853EAAD-4BD8-4DAB-AF28-A67902A13349}.Release|x64.ActiveCfg = Release|x64
		{D853EAAD-4BD8-4DAB-AF28-A67902A13349}.Release|x64.Build.0 = Release|x64
		{D853EAAD-4BD8-4DAB-AF28-A67902A13349}.Release|x86.ActiveCfg = Release|Win32
		{D853EAAD-4BD8-4DAB-AF28-A67902A13349}.Release|x86.Build.0 = Release|Win32
		{0B19945A-9CA2-4ED3-84D8-0924B5428925}.Debug|x64.ActiveCfg = Debug|x64
		{0B19945A-9CA2-4ED3-84D8-0924B5428925}.Debug|x64.Build.0 = Debug|x64
		{0B19945A-9CA2-4ED3-84D8-0924B5428925}.Debug|x86.ActiveCfg = Debug|Win32
		{0B19945A-9CA2-4ED3-84D8-0924B5428925}.Debug|x86.Build.0 = Debug|Win32
		{0B19945A-9CA2-4ED3-84D8-0924B5428925}.Release|x64.ActiveCfg = Release|x64
		{0B19945A-9CA2-4ED3-84D8-0924B5428925}.Release|x64.Build.0 = Release|x64
		{0B19945A-9CA2-4ED3-84D8-0924B5428925}.Release|x86.ActiveCfg = Release|Win32
		{0B19945A-9CA2-4ED3-84D8-0924B5428925}.Release|x86.Build.0 = Release|Win32
		{B38967B9-886D-4E1F-B733-828D1783E2DC}.Debug|x64.ActiveCfg = Debug|x64
		{B38967B9-886D-4E1F-B733-828D1783E2DC}.Debug|x64.Build.0 = Debug|x64
		{B38967B9-886D-4E1F-B733-828D1783E2DC}.Debug|x86.ActiveCfg = Debug|Win32
		{B38967B9-886D-4E1F-B733-828D1783E2DC}.Debug|x86.Build.0 = Debug|Win32
		{B38967B9-886D-4E1F-B733-828D1783E2DC}.Release|x64.ActiveCfg = Release|x64
		{B38967B9-886D-4E1F-B733-828D1783E2DC}.Release|x64.Build.0 = Release|x64
		{B38967B9-886D-4E1F-B733-828D1783E2DC}.Release|x86.ActiveCfg = Release|Win32
		{B38967B9-886D-4E1F-B733-828D1783E2DC}.Release|x86.Build.0 = Release|Win32
		{A506E35D-BB34-468D-82CD-112386BE29D1}.Debug|x64.ActiveCfg = Debug|x64
		{A506E35D-BB34-468D-82CD-112386BE29D1}.Debug|x64.Build.0 = Debug|x64
		{A506E35D-BB34-468D-82CD-112386BE29D1}.Debug|x86.ActiveCfg = Debug|Win32
		{A506E35D-BB34-468D-82CD-112386BE29D1}.Debug|x86.Build.0 = Debug|Win32
		{A506E35D-BB34-468D-82CD-112386BE29D1}.Release|x64.ActiveCfg = Release|x64
		{A506E35D-BB34-468D-82CD-112386BE29D1}.Release|x64.Build.0 = Release|x64
		{A506E35D-BB34-468D-82CD-112386BE29D1}.Release|x86.ActiveCfg = Release|Win32
		{A506E35D-BB34-468D-82CD-112386BE29D1}.Release|x86.Build.0 = Release|Win32
		{5D44A4F2-0F6B-4AF3-BF9B-496436C97773}.Debug|x64.ActiveCfg = Debug|x64
		{5D44A4F2-0F6B-4AF3-BF9B-496436C97773}.Debug|x64.Build.0 = Debug|x64
		{5D44A4F2-0F6B-4AF3-BF9B-496436C97773}.Debug|x86.ActiveCfg = Debug|Win32
		{5D44A4F2-0F6B-4AF3-BF9B-496436C97773}.Debug|x86.Build.0 = Debug|Win32
		{5D44A4F2-0F6B-4AF3-BF9B-496436C97773}.Release|x64.ActiveCfg = Release|x64
		{5D44A4F2-0F6B-4AF3-BF9B-496436C97773}.Release|x64.Build.0 = Release|x64
		{5D44A4F2-0F6B-4AF3-BF9B-496436C97773}.Release|x86.ActiveCfg = Release|Win32
		{5D44A4F2-0F6B-4AF3-BF9B-496436C97773}.Release|x86.Build.0 = Release|Win32
		{324D6383-463F-4176-97A1-4ACA3FB6DC61}.Debug|x64.ActiveCfg = Debug|x64
		{324D6383-463F-4176-97A1-4ACA3FB6DC61}.Debug|x64.Build.0 = Debug|x64
		{324D6383-463F-4176-97A1-4ACA3FB6DC61}.Debug|x86.ActiveCfg = Debug|Win32
		{324D6383-463F-4176-97A1-4ACA3FB6DC61}.Debug|x86.Build.0 = Debug|Win32
		{324D6383-463F-4176-97A1-4ACA3FB6DC61}.Release|x64.ActiveCfg = Release|x64
		{324D6383-463F-4176-97A1-4ACA3FB6DC61}.Release|x64.Build.0 = Release|x64
		{324D6383-463F-4176-97A1-4ACA3FB6DC61}.Release|x86.ActiveCfg = Release|Win32
		{324D6383-463F-4176-97A1-4ACA3FB6DC61}.Release|x86.Build.0 = Release|Win32
		{CE8F622B-6981-448C-841D-BAF410475F4D}.Debug|x64.ActiveCfg = Debug|x64
		{CE8F622B-6981-448C-841D-BAF410475F4D}.Debug|x64.Build.0 = Debug|x64
		{CE8F622B-6981-448C-841D-BAF410475F4D}.Debug|x86.ActiveCfg = Debug|Win32
		{CE8F622B-6981-448C-841D-BAF410475F4D}.Debug|x86.Build.0 = Debug|Win32
		{CE8F622B-6981-448C-841D-BAF410475F4D}.Release|x64.ActiveCfg = Release|x64
		{CE8F622B-6981-448C-841D-BAF410475F4D}.Release|x64.Build.0 = Release|x64
		{CE8F622B-6981-448C-841D-BAF410475F4D}.Release|x86.ActiveCfg = Release|Win32
		{CE8F622B-6981-448C-841D-BAF410475F4D}.Release|x86.Build.0 = Release|Win32
		{A1936161-9F8D-44C9-B6C3-E7BB0F8B1F6D}.Debug|x64.ActiveCfg = Debug|x64
		{A1936161-9F8D-44C9-B6C3-E7BB0F8B1F6D}.Debug|x64.Build.0 = Debug|x64
		{A1936161-9F8D-44C9-B6C3-E7BB0F8B1F6D}.Debug|x86.ActiveCfg = Debug|Win32
		{A1936161-9F8D-44C9-B6C3-E7BB0F8B1F6D}.Debug|x86.Build.0 = Debug|Win32
		{A1936161-9F8D-44C9-B6C3-E7BB0F8B1F6D}.Release|x64.ActiveCfg = Release|x64
		{A1936161-9F8D-44C9-B6C3-E7BB0F8B1F6D}.Release|x64.Build.0 = Release|x64
		{A1936161-9F8D-44C9-B6C3-E7BB0F8B1F6D}.Release|x86.ActiveCfg = Release|Win32
		{A1936161-9F8D-44C9-B6C3-E7BB0F8B1F6D}.Release|x86.Build.0 = Release|Win32
		{0C74019F-74E9-401D-B777-A081E5218D42}.Debug|x64.ActiveCfg = Debug|x64
		{0C74019F-74E9-401D-B777-A081E5218D42}.Debug|x64.Build.0 = Debug|x64
		{0C74019F-74E9-401D-B777-A081E5218D42}.Debug|x86.ActiveCfg = Debug|Win32
		{0C74019F-74E9-401D-B777-A081E5218D42}.Debug|x86.Build.0 = Debug|Win32
		{0C74019F-74E9-401D-B777-A081E5218D42}.Release|x64.ActiveCfg = Release|x64
		{0C74019F-74E9-401D-B777-A081E5218D42}.Release|x64.Build.0 = Release|x64
		{0C74019F-74E9-401D-B777-A081E5218D42}.Release|x86.ActiveCfg = Release|Win32
		{0C74019F-74E9-401D-B777-A081E5218D42}.Release|x86.Build.0 = Release|Win32
		{BFF40A4A-1214-43D6-AEF4-166533ECB414}.Debug|x64.ActiveCfg = Debug|x64
		{BFF40A4A-1214-43D6-AEF4-166533ECB414}.Debug|x64.Build.0 = Debug|x64
		{BFF40A4A-1214-43D6-AEF4-166533ECB414}.Debug|x86.ActiveCfg = Debug|Win32
		{BFF40A4A-1214-43D6-AEF4-166533ECB414}.Debug|x86.Build.0 = Debug|Win32
		{BFF40A4A-1214-43D6-AEF4-166533ECB414}.Release|x64.ActiveCfg = Release|x64
		{BFF40A4A-1214-43D6-AEF4-166533ECB414}.Release|x64.Build.0 = Release|x64
		{BFF40A4A-1214-43D6-AEF4-166533ECB414}.Release|x86.ActiveCfg = Release|Win32
		{BFF40A4A-1214-43D6-AEF4-166533ECB414}.Release|x86.Build.0 = Release|Win32
	EndGlobalSection
	GlobalSection(SolutionProperties) = preSolution
		HideSolutionNode = FALSE
	EndGlobalSection
	GlobalSection(NestedProjects) = preSolution
		{D853EAAD-4BD8-4DAB-AF28-A67902A13349} = {3F852280-FB98-4866-AD0D-20A0CA4D2810}
		{0B19945A-9CA2-4ED3-84D8-0924B5428925} = {1D2D0922-2D3C-4FE9-993B-A67360335608}
		{B38967B9-886D-4E1F-B733-828D1783E2DC} = {1D2D0922-2D3C-4FE9-993B-A67360335608}
		{A506E35D-BB34-468D-82CD-112386BE29D1} = {1D2D0922-2D3C-4FE9-993B-A67360335608}
		{5D44A4F2-0F6B-4AF3-BF9B-496436C97773} = {290CEBFF-BF49-4181-B962-21B30476A3C1}
		{324D6383-463F-4176-97A1-4ACA3FB6DC61} = {3F852280-FB98-4866-AD0D-20A0CA4D2810}
		{CE8F622B-6981-448C-841D-BAF410475F4D} = {5A8E5466-95A4-4ABE-A607-1ABEE4FFF851}
		{A1936161-9F8D-44C9-B6C3-E7BB0F8B1F6D} = {DC3686B0-0E79-45A8-98CF-E228D44A7EE7}
		{0C74019F-74E9-401D-B777-A081E5218D42} = {5A8E5466-95A4-4ABE-A607-1ABEE4FFF851}
		{BFF40A4A-1214-43D6-AEF4-166533ECB414} = {5A8E5466-95A4-4ABE-A607-1ABEE4FFF851}
	EndGlobalSection
	GlobalSection(ExtensibilityGlobals) = postSolution
		SolutionGuid = {C7423EA4-3FF2-401C-8A84-56A431B2D5A7}
	EndGlobalSection
EndGlobal
