<?xml version="1.0" encoding="utf-8"?>
<Project ToolsVersion="4.0" xmlns="http://schemas.microsoft.com/developer/msbuild/2003">
  <ItemGroup>
    <ClInclude Include="GameObject.h" />
    <ClInclude Include="GameObject_inline.h" />
    <ClInclude Include="Components\IComponent.h">
      <Filter>Components</Filter>
    </ClInclude>
    <ClInclude Include="Components\Transform.h">
      <Filter>Components</Filter>
    </ClInclude>
    <ClInclude Include="Components\MeshRenderer.h">
      <Filter>Components</Filter>
    </ClInclude>
  </ItemGroup>
  <ItemGroup>
    <ClCompile Include="GameObject.cpp" />
    <ClCompile Include="Components\MeshRenderer.cpp" />
  </ItemGroup>
  <ItemGroup>
    <Filter Include="Components">
      <UniqueIdentifier>{8f23f59f-3d78-4c67-a6f6-223cf5ba72ff}</UniqueIdentifier>
    </Filter>
  </ItemGroup>
</Project>